PODS:
  - SDWebImage (4.2.3):
    - SDWebImage/Core (= 4.2.3)
  - SDWebImage/Core (4.2.3)
  - SnapKit (4.0.0)

DEPENDENCIES:
  - SDWebImage
  - SnapKit

SPEC CHECKSUMS:
  SDWebImage: 791bb72962b3492327ddcac4b1880bd1b5458431
  SnapKit: a42d492c16e80209130a3379f73596c3454b7694

PODFILE CHECKSUM: 5f0ba476dbdaec63b3369921b99ac9ea56774df8

COCOAPODS: 1.3.1
